// !$*UTF8*$!
{
	archiveVersion = 1;
	classes = {
	};
	objectVersion = 48;
	objects = {

/* Begin PBXBuildFile section */
		700807412060362400F6B52F /* LegalViewController.swift in Sources */ = {isa = PBXBuildFile; fileRef = 700807402060362400F6B52F /* LegalViewController.swift */; };
		7011C393205DAA0E00C965C5 /* LoginViewController.swift in Sources */ = {isa = PBXBuildFile; fileRef = 7011C392205DAA0E00C965C5 /* LoginViewController.swift */; };
		7011C395205DBD4100C965C5 /* UserProfileViewController.swift in Sources */ = {isa = PBXBuildFile; fileRef = 7011C394205DBD4100C965C5 /* UserProfileViewController.swift */; };
		7011C397205DCDF500C965C5 /* BlacklistCell.swift in Sources */ = {isa = PBXBuildFile; fileRef = 7011C396205DCDF500C965C5 /* BlacklistCell.swift */; };
		7014A98320699D2A004BC1A2 /* 2000px-Silver_-_replace_this_image_male.svg.png in Resources */ = {isa = PBXBuildFile; fileRef = 7014A98220699D29004BC1A2 /* 2000px-Silver_-_replace_this_image_male.svg.png */; };
		702C939A205F063E005AACE2 /* SettingsViewController.swift in Sources */ = {isa = PBXBuildFile; fileRef = 702C9399205F063E005AACE2 /* SettingsViewController.swift */; };
		702C939C205F128C005AACE2 /* CreditsViewController.swift in Sources */ = {isa = PBXBuildFile; fileRef = 702C939B205F128C005AACE2 /* CreditsViewController.swift */; };
		7035294A206482FA00F88A72 /* frame_09_delay-0.04s.png in Resources */ = {isa = PBXBuildFile; fileRef = 70352932206482F800F88A72 /* frame_09_delay-0.04s.png */; };
		7035294B206482FA00F88A72 /* frame_03_delay-0.04s.png in Resources */ = {isa = PBXBuildFile; fileRef = 70352933206482F800F88A72 /* frame_03_delay-0.04s.png */; };
		7035294C206482FA00F88A72 /* frame_13_delay-0.04s.png in Resources */ = {isa = PBXBuildFile; fileRef = 70352934206482F800F88A72 /* frame_13_delay-0.04s.png */; };
		7035294D206482FA00F88A72 /* frame_16_delay-0.04s.png in Resources */ = {isa = PBXBuildFile; fileRef = 70352935206482F800F88A72 /* frame_16_delay-0.04s.png */; };
		7035294E206482FA00F88A72 /* frame_00_delay-0.04s.png in Resources */ = {isa = PBXBuildFile; fileRef = 70352936206482F800F88A72 /* frame_00_delay-0.04s.png */; };
		7035294F206482FA00F88A72 /* frame_18_delay-0.04s.png in Resources */ = {isa = PBXBuildFile; fileRef = 70352937206482F800F88A72 /* frame_18_delay-0.04s.png */; };
		70352950206482FA00F88A72 /* frame_20_delay-0.04s.png in Resources */ = {isa = PBXBuildFile; fileRef = 70352938206482F800F88A72 /* frame_20_delay-0.04s.png */; };
		70352951206482FA00F88A72 /* frame_22_delay-0.04s.png in Resources */ = {isa = PBXBuildFile; fileRef = 70352939206482F800F88A72 /* frame_22_delay-0.04s.png */; };
		70352952206482FA00F88A72 /* frame_01_delay-0.04s.png in Resources */ = {isa = PBXBuildFile; fileRef = 7035293A206482F800F88A72 /* frame_01_delay-0.04s.png */; };
		70352953206482FA00F88A72 /* frame_10_delay-0.04s.png in Resources */ = {isa = PBXBuildFile; fileRef = 7035293B206482F900F88A72 /* frame_10_delay-0.04s.png */; };
		70352954206482FA00F88A72 /* frame_17_delay-0.04s.png in Resources */ = {isa = PBXBuildFile; fileRef = 7035293C206482F900F88A72 /* frame_17_delay-0.04s.png */; };
		70352955206482FA00F88A72 /* frame_11_delay-0.04s.png in Resources */ = {isa = PBXBuildFile; fileRef = 7035293D206482F900F88A72 /* frame_11_delay-0.04s.png */; };
		70352956206482FA00F88A72 /* frame_21_delay-0.04s.png in Resources */ = {isa = PBXBuildFile; fileRef = 7035293E206482F900F88A72 /* frame_21_delay-0.04s.png */; };
		70352957206482FA00F88A72 /* frame_19_delay-0.04s.png in Resources */ = {isa = PBXBuildFile; fileRef = 7035293F206482F900F88A72 /* frame_19_delay-0.04s.png */; };
		70352958206482FA00F88A72 /* frame_14_delay-0.04s.png in Resources */ = {isa = PBXBuildFile; fileRef = 70352940206482F900F88A72 /* frame_14_delay-0.04s.png */; };
		70352959206482FA00F88A72 /* frame_23_delay-0.04s.png in Resources */ = {isa = PBXBuildFile; fileRef = 70352941206482F900F88A72 /* frame_23_delay-0.04s.png */; };
		7035295A206482FA00F88A72 /* frame_04_delay-0.04s.png in Resources */ = {isa = PBXBuildFile; fileRef = 70352942206482F900F88A72 /* frame_04_delay-0.04s.png */; };
		7035295B206482FA00F88A72 /* frame_02_delay-0.04s.png in Resources */ = {isa = PBXBuildFile; fileRef = 70352943206482F900F88A72 /* frame_02_delay-0.04s.png */; };
		7035295C206482FA00F88A72 /* frame_06_delay-0.04s.png in Resources */ = {isa = PBXBuildFile; fileRef = 70352944206482F900F88A72 /* frame_06_delay-0.04s.png */; };
		7035295D206482FA00F88A72 /* frame_08_delay-0.04s.png in Resources */ = {isa = PBXBuildFile; fileRef = 70352945206482FA00F88A72 /* frame_08_delay-0.04s.png */; };
		7035295E206482FA00F88A72 /* frame_05_delay-0.04s.png in Resources */ = {isa = PBXBuildFile; fileRef = 70352946206482FA00F88A72 /* frame_05_delay-0.04s.png */; };
		7035295F206482FA00F88A72 /* frame_07_delay-0.04s.png in Resources */ = {isa = PBXBuildFile; fileRef = 70352947206482FA00F88A72 /* frame_07_delay-0.04s.png */; };
		70352960206482FA00F88A72 /* frame_12_delay-0.04s.png in Resources */ = {isa = PBXBuildFile; fileRef = 70352948206482FA00F88A72 /* frame_12_delay-0.04s.png */; };
		70352961206482FA00F88A72 /* frame_15_delay-0.04s.png in Resources */ = {isa = PBXBuildFile; fileRef = 70352949206482FA00F88A72 /* frame_15_delay-0.04s.png */; };
		70A24773205C3CC700A2AC47 /* AppDelegate.swift in Sources */ = {isa = PBXBuildFile; fileRef = 70A24772205C3CC700A2AC47 /* AppDelegate.swift */; };
		70A24775205C3CC700A2AC47 /* ViewController.swift in Sources */ = {isa = PBXBuildFile; fileRef = 70A24774205C3CC700A2AC47 /* ViewController.swift */; };
		70A24778205C3CC700A2AC47 /* Main.storyboard in Resources */ = {isa = PBXBuildFile; fileRef = 70A24776205C3CC700A2AC47 /* Main.storyboard */; };
		70A2477A205C3CC700A2AC47 /* Assets.xcassets in Resources */ = {isa = PBXBuildFile; fileRef = 70A24779205C3CC700A2AC47 /* Assets.xcassets */; };
		70A2477D205C3CC700A2AC47 /* LaunchScreen.storyboard in Resources */ = {isa = PBXBuildFile; fileRef = 70A2477B205C3CC700A2AC47 /* LaunchScreen.storyboard */; };
		70A670AD206039E00050FDAE /* splash_screen.jpg in Resources */ = {isa = PBXBuildFile; fileRef = 70A670A9206039DF0050FDAE /* splash_screen.jpg */; };
		70A670AE206039E00050FDAE /* icons8-menu-filled-50.png in Resources */ = {isa = PBXBuildFile; fileRef = 70A670AA206039E00050FDAE /* icons8-menu-filled-50.png */; };
		70A670B0206039E00050FDAE /* icons8-home-24.png in Resources */ = {isa = PBXBuildFile; fileRef = 70A670AC206039E00050FDAE /* icons8-home-24.png */; };
		70DFB84E2063592B009DE826 /* AddBlacklistViewController.swift in Sources */ = {isa = PBXBuildFile; fileRef = 70DFB84D2063592B009DE826 /* AddBlacklistViewController.swift */; };
		A11A573220614CC500A7EF31 /* HomePageViewController.swift in Sources */ = {isa = PBXBuildFile; fileRef = A11A573120614CC500A7EF31 /* HomePageViewController.swift */; };
		A11A57342061639100A7EF31 /* ShoppingListViewController.swift in Sources */ = {isa = PBXBuildFile; fileRef = A11A57332061639100A7EF31 /* ShoppingListViewController.swift */; };
		A11A5736206168CD00A7EF31 /* SearchFilterPopoverViewController.swift in Sources */ = {isa = PBXBuildFile; fileRef = A11A5735206168CD00A7EF31 /* SearchFilterPopoverViewController.swift */; };
		A11A57382061711F00A7EF31 /* PantryViewController.swift in Sources */ = {isa = PBXBuildFile; fileRef = A11A57372061711F00A7EF31 /* PantryViewController.swift */; };
		A1A075842062899500C65360 /* MealsPageViewController.swift in Sources */ = {isa = PBXBuildFile; fileRef = A1A075832062899500C65360 /* MealsPageViewController.swift */; };
		A1A0758620628E8300C65360 /* RecipeOverviewViewController.swift in Sources */ = {isa = PBXBuildFile; fileRef = A1A0758520628E8300C65360 /* RecipeOverviewViewController.swift */; };
		A1AA0045206195AD00FCDEC4 /* NewListItemViewController.swift in Sources */ = {isa = PBXBuildFile; fileRef = A1AA0044206195AD00FCDEC4 /* NewListItemViewController.swift */; };
		A1AA004720619BBF00FCDEC4 /* CustomUnitPopoverViewController.swift in Sources */ = {isa = PBXBuildFile; fileRef = A1AA004620619BBF00FCDEC4 /* CustomUnitPopoverViewController.swift */; };
		A1E370272069523100213631 /* CustomUnitsViewController.swift in Sources */ = {isa = PBXBuildFile; fileRef = A1E370262069523100213631 /* CustomUnitsViewController.swift */; };
		A1E3702920695A8A00213631 /* ShoppingListCustomTableViewCell.swift in Sources */ = {isa = PBXBuildFile; fileRef = A1E3702820695A8A00213631 /* ShoppingListCustomTableViewCell.swift */; };
		A1E3702B20695D5E00213631 /* PantryItemCustomTableViewCell.swift in Sources */ = {isa = PBXBuildFile; fileRef = A1E3702A20695D5E00213631 /* PantryItemCustomTableViewCell.swift */; };
		A1F1932D2062AD4E00AFB5E9 /* HistoryFavoriteSearchResultsViewController.swift in Sources */ = {isa = PBXBuildFile; fileRef = A1F1932C2062AD4E00AFB5E9 /* HistoryFavoriteSearchResultsViewController.swift */; };
		A2177BDF206AFED00094E89D /* Recipe.swift in Sources */ = {isa = PBXBuildFile; fileRef = A2177BDE206AFED00094E89D /* Recipe.swift */; };
		A2177BE1206B009F0094E89D /* Vitamin.swift in Sources */ = {isa = PBXBuildFile; fileRef = A2177BE0206B009F0094E89D /* Vitamin.swift */; };
		A2177BE3206B00AA0094E89D /* Ingredient.swift in Sources */ = {isa = PBXBuildFile; fileRef = A2177BE2206B00AA0094E89D /* Ingredient.swift */; };
		A2177BE5206B00C70094E89D /* Comment.swift in Sources */ = {isa = PBXBuildFile; fileRef = A2177BE4206B00C70094E89D /* Comment.swift */; };
		A2177BE7206B01F40094E89D /* User.swift in Sources */ = {isa = PBXBuildFile; fileRef = A2177BE6206B01F40094E89D /* User.swift */; };
		A2177BE9206B0B750094E89D /* CommentDetailsPageViewController.swift in Sources */ = {isa = PBXBuildFile; fileRef = A2177BE8206B0B750094E89D /* CommentDetailsPageViewController.swift */; };
		A24E8AD22062A90B005C8E2B /* RecipePageViewController.swift in Sources */ = {isa = PBXBuildFile; fileRef = A24E8AD12062A90B005C8E2B /* RecipePageViewController.swift */; };
		A24E8AD42062AA75005C8E2B /* RecipeNutritionViewController.swift in Sources */ = {isa = PBXBuildFile; fileRef = A24E8AD32062AA75005C8E2B /* RecipeNutritionViewController.swift */; };
		A24E8AD62062AA8C005C8E2B /* RecipeCommentPageViewController.swift in Sources */ = {isa = PBXBuildFile; fileRef = A24E8AD52062AA8C005C8E2B /* RecipeCommentPageViewController.swift */; };
		A2526BD020632DBF00C89BCE /* AddRecipeFirstPageViewController.swift in Sources */ = {isa = PBXBuildFile; fileRef = A2526BCF20632DBF00C89BCE /* AddRecipeFirstPageViewController.swift */; };
		A2526BD220632DD000C89BCE /* AddRecipeSecondPageViewController.swift in Sources */ = {isa = PBXBuildFile; fileRef = A2526BD120632DD000C89BCE /* AddRecipeSecondPageViewController.swift */; };
		A2526BD420632DE400C89BCE /* AddRecipeContainsPopoverViewController.swift in Sources */ = {isa = PBXBuildFile; fileRef = A2526BD320632DE400C89BCE /* AddRecipeContainsPopoverViewController.swift */; };
		A2D3BD7C20633291005BD508 /* AddRecipeDietaryPageViewController.swift in Sources */ = {isa = PBXBuildFile; fileRef = A2D3BD7B20633291005BD508 /* AddRecipeDietaryPageViewController.swift */; };
		A2D3BD7E206334DD005BD508 /* AddDirectionPopoverViewController.swift in Sources */ = {isa = PBXBuildFile; fileRef = A2D3BD7D206334DD005BD508 /* AddDirectionPopoverViewController.swift */; };
		A2D3BD80206335FC005BD508 /* AddVitaminPopoverViewController.swift in Sources */ = {isa = PBXBuildFile; fileRef = A2D3BD7F206335FC005BD508 /* AddVitaminPopoverViewController.swift */; };
		A2D3BD82206337E3005BD508 /* NewCommentPopoverViewController.swift in Sources */ = {isa = PBXBuildFile; fileRef = A2D3BD81206337E3005BD508 /* NewCommentPopoverViewController.swift */; };
		A2D3BD8420633803005BD508 /* CommentFilterPopoverViewController.swift in Sources */ = {isa = PBXBuildFile; fileRef = A2D3BD8320633803005BD508 /* CommentFilterPopoverViewController.swift */; };
/* End PBXBuildFile section */

/* Begin PBXFileReference section */
		700807402060362400F6B52F /* LegalViewController.swift */ = {isa = PBXFileReference; lastKnownFileType = sourcecode.swift; path = LegalViewController.swift; sourceTree = "<group>"; };
		7011C392205DAA0E00C965C5 /* LoginViewController.swift */ = {isa = PBXFileReference; lastKnownFileType = sourcecode.swift; path = LoginViewController.swift; sourceTree = "<group>"; };
		7011C394205DBD4100C965C5 /* UserProfileViewController.swift */ = {isa = PBXFileReference; lastKnownFileType = sourcecode.swift; path = UserProfileViewController.swift; sourceTree = "<group>"; };
		7011C396205DCDF500C965C5 /* BlacklistCell.swift */ = {isa = PBXFileReference; lastKnownFileType = sourcecode.swift; path = BlacklistCell.swift; sourceTree = "<group>"; };
		7014A98220699D29004BC1A2 /* 2000px-Silver_-_replace_this_image_male.svg.png */ = {isa = PBXFileReference; lastKnownFileType = image.png; name = "2000px-Silver_-_replace_this_image_male.svg.png"; path = "Assets.xcassets/2000px-Silver_-_replace_this_image_male.svg.png"; sourceTree = "<group>"; };
		702C9399205F063E005AACE2 /* SettingsViewController.swift */ = {isa = PBXFileReference; lastKnownFileType = sourcecode.swift; path = SettingsViewController.swift; sourceTree = "<group>"; };
		702C939B205F128C005AACE2 /* CreditsViewController.swift */ = {isa = PBXFileReference; lastKnownFileType = sourcecode.swift; path = CreditsViewController.swift; sourceTree = "<group>"; };
		70352932206482F800F88A72 /* frame_09_delay-0.04s.png */ = {isa = PBXFileReference; lastKnownFileType = image.png; name = "frame_09_delay-0.04s.png"; path = "Assets.xcassets/ezgif-4-3898ccaee7-gif-png/frame_09_delay-0.04s.png"; sourceTree = "<group>"; };
		70352933206482F800F88A72 /* frame_03_delay-0.04s.png */ = {isa = PBXFileReference; lastKnownFileType = image.png; name = "frame_03_delay-0.04s.png"; path = "Assets.xcassets/ezgif-4-3898ccaee7-gif-png/frame_03_delay-0.04s.png"; sourceTree = "<group>"; };
		70352934206482F800F88A72 /* frame_13_delay-0.04s.png */ = {isa = PBXFileReference; lastKnownFileType = image.png; name = "frame_13_delay-0.04s.png"; path = "Assets.xcassets/ezgif-4-3898ccaee7-gif-png/frame_13_delay-0.04s.png"; sourceTree = "<group>"; };
		70352935206482F800F88A72 /* frame_16_delay-0.04s.png */ = {isa = PBXFileReference; lastKnownFileType = image.png; name = "frame_16_delay-0.04s.png"; path = "Assets.xcassets/ezgif-4-3898ccaee7-gif-png/frame_16_delay-0.04s.png"; sourceTree = "<group>"; };
		70352936206482F800F88A72 /* frame_00_delay-0.04s.png */ = {isa = PBXFileReference; lastKnownFileType = image.png; name = "frame_00_delay-0.04s.png"; path = "Assets.xcassets/ezgif-4-3898ccaee7-gif-png/frame_00_delay-0.04s.png"; sourceTree = "<group>"; };
		70352937206482F800F88A72 /* frame_18_delay-0.04s.png */ = {isa = PBXFileReference; lastKnownFileType = image.png; name = "frame_18_delay-0.04s.png"; path = "Assets.xcassets/ezgif-4-3898ccaee7-gif-png/frame_18_delay-0.04s.png"; sourceTree = "<group>"; };
		70352938206482F800F88A72 /* frame_20_delay-0.04s.png */ = {isa = PBXFileReference; lastKnownFileType = image.png; name = "frame_20_delay-0.04s.png"; path = "Assets.xcassets/ezgif-4-3898ccaee7-gif-png/frame_20_delay-0.04s.png"; sourceTree = "<group>"; };
		70352939206482F800F88A72 /* frame_22_delay-0.04s.png */ = {isa = PBXFileReference; lastKnownFileType = image.png; name = "frame_22_delay-0.04s.png"; path = "Assets.xcassets/ezgif-4-3898ccaee7-gif-png/frame_22_delay-0.04s.png"; sourceTree = "<group>"; };
		7035293A206482F800F88A72 /* frame_01_delay-0.04s.png */ = {isa = PBXFileReference; lastKnownFileType = image.png; name = "frame_01_delay-0.04s.png"; path = "Assets.xcassets/ezgif-4-3898ccaee7-gif-png/frame_01_delay-0.04s.png"; sourceTree = "<group>"; };
		7035293B206482F900F88A72 /* frame_10_delay-0.04s.png */ = {isa = PBXFileReference; lastKnownFileType = image.png; name = "frame_10_delay-0.04s.png"; path = "Assets.xcassets/ezgif-4-3898ccaee7-gif-png/frame_10_delay-0.04s.png"; sourceTree = "<group>"; };
		7035293C206482F900F88A72 /* frame_17_delay-0.04s.png */ = {isa = PBXFileReference; lastKnownFileType = image.png; name = "frame_17_delay-0.04s.png"; path = "Assets.xcassets/ezgif-4-3898ccaee7-gif-png/frame_17_delay-0.04s.png"; sourceTree = "<group>"; };
		7035293D206482F900F88A72 /* frame_11_delay-0.04s.png */ = {isa = PBXFileReference; lastKnownFileType = image.png; name = "frame_11_delay-0.04s.png"; path = "Assets.xcassets/ezgif-4-3898ccaee7-gif-png/frame_11_delay-0.04s.png"; sourceTree = "<group>"; };
		7035293E206482F900F88A72 /* frame_21_delay-0.04s.png */ = {isa = PBXFileReference; lastKnownFileType = image.png; name = "frame_21_delay-0.04s.png"; path = "Assets.xcassets/ezgif-4-3898ccaee7-gif-png/frame_21_delay-0.04s.png"; sourceTree = "<group>"; };
		7035293F206482F900F88A72 /* frame_19_delay-0.04s.png */ = {isa = PBXFileReference; lastKnownFileType = image.png; name = "frame_19_delay-0.04s.png"; path = "Assets.xcassets/ezgif-4-3898ccaee7-gif-png/frame_19_delay-0.04s.png"; sourceTree = "<group>"; };
		70352940206482F900F88A72 /* frame_14_delay-0.04s.png */ = {isa = PBXFileReference; lastKnownFileType = image.png; name = "frame_14_delay-0.04s.png"; path = "Assets.xcassets/ezgif-4-3898ccaee7-gif-png/frame_14_delay-0.04s.png"; sourceTree = "<group>"; };
		70352941206482F900F88A72 /* frame_23_delay-0.04s.png */ = {isa = PBXFileReference; lastKnownFileType = image.png; name = "frame_23_delay-0.04s.png"; path = "Assets.xcassets/ezgif-4-3898ccaee7-gif-png/frame_23_delay-0.04s.png"; sourceTree = "<group>"; };
		70352942206482F900F88A72 /* frame_04_delay-0.04s.png */ = {isa = PBXFileReference; lastKnownFileType = image.png; name = "frame_04_delay-0.04s.png"; path = "Assets.xcassets/ezgif-4-3898ccaee7-gif-png/frame_04_delay-0.04s.png"; sourceTree = "<group>"; };
		70352943206482F900F88A72 /* frame_02_delay-0.04s.png */ = {isa = PBXFileReference; lastKnownFileType = image.png; name = "frame_02_delay-0.04s.png"; path = "Assets.xcassets/ezgif-4-3898ccaee7-gif-png/frame_02_delay-0.04s.png"; sourceTree = "<group>"; };
		70352944206482F900F88A72 /* frame_06_delay-0.04s.png */ = {isa = PBXFileReference; lastKnownFileType = image.png; name = "frame_06_delay-0.04s.png"; path = "Assets.xcassets/ezgif-4-3898ccaee7-gif-png/frame_06_delay-0.04s.png"; sourceTree = "<group>"; };
		70352945206482FA00F88A72 /* frame_08_delay-0.04s.png */ = {isa = PBXFileReference; lastKnownFileType = image.png; name = "frame_08_delay-0.04s.png"; path = "Assets.xcassets/ezgif-4-3898ccaee7-gif-png/frame_08_delay-0.04s.png"; sourceTree = "<group>"; };
		70352946206482FA00F88A72 /* frame_05_delay-0.04s.png */ = {isa = PBXFileReference; lastKnownFileType = image.png; name = "frame_05_delay-0.04s.png"; path = "Assets.xcassets/ezgif-4-3898ccaee7-gif-png/frame_05_delay-0.04s.png"; sourceTree = "<group>"; };
		70352947206482FA00F88A72 /* frame_07_delay-0.04s.png */ = {isa = PBXFileReference; lastKnownFileType = image.png; name = "frame_07_delay-0.04s.png"; path = "Assets.xcassets/ezgif-4-3898ccaee7-gif-png/frame_07_delay-0.04s.png"; sourceTree = "<group>"; };
		70352948206482FA00F88A72 /* frame_12_delay-0.04s.png */ = {isa = PBXFileReference; lastKnownFileType = image.png; name = "frame_12_delay-0.04s.png"; path = "Assets.xcassets/ezgif-4-3898ccaee7-gif-png/frame_12_delay-0.04s.png"; sourceTree = "<group>"; };
		70352949206482FA00F88A72 /* frame_15_delay-0.04s.png */ = {isa = PBXFileReference; lastKnownFileType = image.png; name = "frame_15_delay-0.04s.png"; path = "Assets.xcassets/ezgif-4-3898ccaee7-gif-png/frame_15_delay-0.04s.png"; sourceTree = "<group>"; };
		70A2476F205C3CC700A2AC47 /* PrepMate.app */ = {isa = PBXFileReference; explicitFileType = wrapper.application; includeInIndex = 0; path = PrepMate.app; sourceTree = BUILT_PRODUCTS_DIR; };
		70A24772205C3CC700A2AC47 /* AppDelegate.swift */ = {isa = PBXFileReference; lastKnownFileType = sourcecode.swift; path = AppDelegate.swift; sourceTree = "<group>"; };
		70A24774205C3CC700A2AC47 /* ViewController.swift */ = {isa = PBXFileReference; lastKnownFileType = sourcecode.swift; path = ViewController.swift; sourceTree = "<group>"; };
		70A24777205C3CC700A2AC47 /* Base */ = {isa = PBXFileReference; lastKnownFileType = file.storyboard; name = Base; path = Base.lproj/Main.storyboard; sourceTree = "<group>"; };
		70A24779205C3CC700A2AC47 /* Assets.xcassets */ = {isa = PBXFileReference; lastKnownFileType = folder.assetcatalog; path = Assets.xcassets; sourceTree = "<group>"; };
		70A2477C205C3CC700A2AC47 /* Base */ = {isa = PBXFileReference; lastKnownFileType = file.storyboard; name = Base; path = Base.lproj/LaunchScreen.storyboard; sourceTree = "<group>"; };
		70A2477E205C3CC700A2AC47 /* Info.plist */ = {isa = PBXFileReference; lastKnownFileType = text.plist.xml; path = Info.plist; sourceTree = "<group>"; };
		70A670A9206039DF0050FDAE /* splash_screen.jpg */ = {isa = PBXFileReference; lastKnownFileType = image.jpeg; name = splash_screen.jpg; path = Assets.xcassets/splash_screen.jpg; sourceTree = "<group>"; };
		70A670AA206039E00050FDAE /* icons8-menu-filled-50.png */ = {isa = PBXFileReference; lastKnownFileType = image.png; name = "icons8-menu-filled-50.png"; path = "Assets.xcassets/icons8-menu-filled-50.png"; sourceTree = "<group>"; };
		70A670AC206039E00050FDAE /* icons8-home-24.png */ = {isa = PBXFileReference; lastKnownFileType = image.png; name = "icons8-home-24.png"; path = "Assets.xcassets/icons8-home-24.png"; sourceTree = "<group>"; };
		70DFB84D2063592B009DE826 /* AddBlacklistViewController.swift */ = {isa = PBXFileReference; lastKnownFileType = sourcecode.swift; path = AddBlacklistViewController.swift; sourceTree = "<group>"; };
		A11A573120614CC500A7EF31 /* HomePageViewController.swift */ = {isa = PBXFileReference; lastKnownFileType = sourcecode.swift; path = HomePageViewController.swift; sourceTree = "<group>"; };
		A11A57332061639100A7EF31 /* ShoppingListViewController.swift */ = {isa = PBXFileReference; lastKnownFileType = sourcecode.swift; path = ShoppingListViewController.swift; sourceTree = "<group>"; };
		A11A5735206168CD00A7EF31 /* SearchFilterPopoverViewController.swift */ = {isa = PBXFileReference; lastKnownFileType = sourcecode.swift; path = SearchFilterPopoverViewController.swift; sourceTree = "<group>"; };
		A11A57372061711F00A7EF31 /* PantryViewController.swift */ = {isa = PBXFileReference; lastKnownFileType = sourcecode.swift; path = PantryViewController.swift; sourceTree = "<group>"; };
		A1A075832062899500C65360 /* MealsPageViewController.swift */ = {isa = PBXFileReference; lastKnownFileType = sourcecode.swift; path = MealsPageViewController.swift; sourceTree = "<group>"; };
		A1A0758520628E8300C65360 /* RecipeOverviewViewController.swift */ = {isa = PBXFileReference; lastKnownFileType = sourcecode.swift; path = RecipeOverviewViewController.swift; sourceTree = "<group>"; };
		A1AA0044206195AD00FCDEC4 /* NewListItemViewController.swift */ = {isa = PBXFileReference; lastKnownFileType = sourcecode.swift; path = NewListItemViewController.swift; sourceTree = "<group>"; };
		A1AA004620619BBF00FCDEC4 /* CustomUnitPopoverViewController.swift */ = {isa = PBXFileReference; lastKnownFileType = sourcecode.swift; path = CustomUnitPopoverViewController.swift; sourceTree = "<group>"; };
		A1E370262069523100213631 /* CustomUnitsViewController.swift */ = {isa = PBXFileReference; lastKnownFileType = sourcecode.swift; path = CustomUnitsViewController.swift; sourceTree = "<group>"; };
		A1E3702820695A8A00213631 /* ShoppingListCustomTableViewCell.swift */ = {isa = PBXFileReference; lastKnownFileType = sourcecode.swift; path = ShoppingListCustomTableViewCell.swift; sourceTree = "<group>"; };
		A1E3702A20695D5E00213631 /* PantryItemCustomTableViewCell.swift */ = {isa = PBXFileReference; lastKnownFileType = sourcecode.swift; path = PantryItemCustomTableViewCell.swift; sourceTree = "<group>"; };
		A1F1932C2062AD4E00AFB5E9 /* HistoryFavoriteSearchResultsViewController.swift */ = {isa = PBXFileReference; lastKnownFileType = sourcecode.swift; path = HistoryFavoriteSearchResultsViewController.swift; sourceTree = "<group>"; };
		A2177BDE206AFED00094E89D /* Recipe.swift */ = {isa = PBXFileReference; lastKnownFileType = sourcecode.swift; path = Recipe.swift; sourceTree = "<group>"; };
		A2177BE0206B009F0094E89D /* Vitamin.swift */ = {isa = PBXFileReference; lastKnownFileType = sourcecode.swift; path = Vitamin.swift; sourceTree = "<group>"; };
		A2177BE2206B00AA0094E89D /* Ingredient.swift */ = {isa = PBXFileReference; lastKnownFileType = sourcecode.swift; path = Ingredient.swift; sourceTree = "<group>"; };
		A2177BE4206B00C70094E89D /* Comment.swift */ = {isa = PBXFileReference; lastKnownFileType = sourcecode.swift; path = Comment.swift; sourceTree = "<group>"; };
		A2177BE6206B01F40094E89D /* User.swift */ = {isa = PBXFileReference; lastKnownFileType = sourcecode.swift; path = User.swift; sourceTree = "<group>"; };
		A2177BE8206B0B750094E89D /* CommentDetailsPageViewController.swift */ = {isa = PBXFileReference; lastKnownFileType = sourcecode.swift; path = CommentDetailsPageViewController.swift; sourceTree = "<group>"; };
		A24E8AD12062A90B005C8E2B /* RecipePageViewController.swift */ = {isa = PBXFileReference; lastKnownFileType = sourcecode.swift; path = RecipePageViewController.swift; sourceTree = "<group>"; };
		A24E8AD32062AA75005C8E2B /* RecipeNutritionViewController.swift */ = {isa = PBXFileReference; lastKnownFileType = sourcecode.swift; path = RecipeNutritionViewController.swift; sourceTree = "<group>"; };
		A24E8AD52062AA8C005C8E2B /* RecipeCommentPageViewController.swift */ = {isa = PBXFileReference; lastKnownFileType = sourcecode.swift; path = RecipeCommentPageViewController.swift; sourceTree = "<group>"; };
		A2526BCF20632DBF00C89BCE /* AddRecipeFirstPageViewController.swift */ = {isa = PBXFileReference; lastKnownFileType = sourcecode.swift; path = AddRecipeFirstPageViewController.swift; sourceTree = "<group>"; };
		A2526BD120632DD000C89BCE /* AddRecipeSecondPageViewController.swift */ = {isa = PBXFileReference; lastKnownFileType = sourcecode.swift; path = AddRecipeSecondPageViewController.swift; sourceTree = "<group>"; };
		A2526BD320632DE400C89BCE /* AddRecipeContainsPopoverViewController.swift */ = {isa = PBXFileReference; lastKnownFileType = sourcecode.swift; path = AddRecipeContainsPopoverViewController.swift; sourceTree = "<group>"; };
		A2D3BD7B20633291005BD508 /* AddRecipeDietaryPageViewController.swift */ = {isa = PBXFileReference; lastKnownFileType = sourcecode.swift; path = AddRecipeDietaryPageViewController.swift; sourceTree = "<group>"; };
		A2D3BD7D206334DD005BD508 /* AddDirectionPopoverViewController.swift */ = {isa = PBXFileReference; lastKnownFileType = sourcecode.swift; path = AddDirectionPopoverViewController.swift; sourceTree = "<group>"; };
		A2D3BD7F206335FC005BD508 /* AddVitaminPopoverViewController.swift */ = {isa = PBXFileReference; lastKnownFileType = sourcecode.swift; path = AddVitaminPopoverViewController.swift; sourceTree = "<group>"; };
		A2D3BD81206337E3005BD508 /* NewCommentPopoverViewController.swift */ = {isa = PBXFileReference; lastKnownFileType = sourcecode.swift; path = NewCommentPopoverViewController.swift; sourceTree = "<group>"; };
		A2D3BD8320633803005BD508 /* CommentFilterPopoverViewController.swift */ = {isa = PBXFileReference; lastKnownFileType = sourcecode.swift; path = CommentFilterPopoverViewController.swift; sourceTree = "<group>"; };
/* End PBXFileReference section */

/* Begin PBXFrameworksBuildPhase section */
		70A2476C205C3CC700A2AC47 /* Frameworks */ = {
			isa = PBXFrameworksBuildPhase;
			buildActionMask = 2147483647;
			files = (
			);
			runOnlyForDeploymentPostprocessing = 0;
		};
/* End PBXFrameworksBuildPhase section */

/* Begin PBXGroup section */
		70A24766205C3CC700A2AC47 = {
			isa = PBXGroup;
			children = (
				A1E3702820695A8A00213631 /* ShoppingListCustomTableViewCell.swift */,
				A1E3702A20695D5E00213631 /* PantryItemCustomTableViewCell.swift */,
				70A24771205C3CC700A2AC47 /* PrepMate */,
				70A24770205C3CC700A2AC47 /* Products */,
			);
			sourceTree = "<group>";
		};
		70A24770205C3CC700A2AC47 /* Products */ = {
			isa = PBXGroup;
			children = (
				70A2476F205C3CC700A2AC47 /* PrepMate.app */,
			);
			name = Products;
			sourceTree = "<group>";
		};
		70A24771205C3CC700A2AC47 /* PrepMate */ = {
			isa = PBXGroup;
			children = (
				7014A98220699D29004BC1A2 /* 2000px-Silver_-_replace_this_image_male.svg.png */,
				70352936206482F800F88A72 /* frame_00_delay-0.04s.png */,
				7035293A206482F800F88A72 /* frame_01_delay-0.04s.png */,
				70352943206482F900F88A72 /* frame_02_delay-0.04s.png */,
				70352933206482F800F88A72 /* frame_03_delay-0.04s.png */,
				70352942206482F900F88A72 /* frame_04_delay-0.04s.png */,
				70352946206482FA00F88A72 /* frame_05_delay-0.04s.png */,
				70352944206482F900F88A72 /* frame_06_delay-0.04s.png */,
				70352947206482FA00F88A72 /* frame_07_delay-0.04s.png */,
				70352945206482FA00F88A72 /* frame_08_delay-0.04s.png */,
				70352932206482F800F88A72 /* frame_09_delay-0.04s.png */,
				7035293B206482F900F88A72 /* frame_10_delay-0.04s.png */,
				7035293D206482F900F88A72 /* frame_11_delay-0.04s.png */,
				70352948206482FA00F88A72 /* frame_12_delay-0.04s.png */,
				70352934206482F800F88A72 /* frame_13_delay-0.04s.png */,
				70352940206482F900F88A72 /* frame_14_delay-0.04s.png */,
				70352949206482FA00F88A72 /* frame_15_delay-0.04s.png */,
				70352935206482F800F88A72 /* frame_16_delay-0.04s.png */,
				7035293C206482F900F88A72 /* frame_17_delay-0.04s.png */,
				70352937206482F800F88A72 /* frame_18_delay-0.04s.png */,
				7035293F206482F900F88A72 /* frame_19_delay-0.04s.png */,
				70352938206482F800F88A72 /* frame_20_delay-0.04s.png */,
				7035293E206482F900F88A72 /* frame_21_delay-0.04s.png */,
				70352939206482F800F88A72 /* frame_22_delay-0.04s.png */,
				70352941206482F900F88A72 /* frame_23_delay-0.04s.png */,
				70A670AC206039E00050FDAE /* icons8-home-24.png */,
				70A670AA206039E00050FDAE /* icons8-menu-filled-50.png */,
				70A670A9206039DF0050FDAE /* splash_screen.jpg */,
				70A24772205C3CC700A2AC47 /* AppDelegate.swift */,
				70A24774205C3CC700A2AC47 /* ViewController.swift */,
				70A24776205C3CC700A2AC47 /* Main.storyboard */,
				A2177BE8206B0B750094E89D /* CommentDetailsPageViewController.swift */,
				A2177BDE206AFED00094E89D /* Recipe.swift */,
				A2177BE0206B009F0094E89D /* Vitamin.swift */,
				A2177BE2206B00AA0094E89D /* Ingredient.swift */,
				A2177BE4206B00C70094E89D /* Comment.swift */,
				A2177BE6206B01F40094E89D /* User.swift */,
				A1E370262069523100213631 /* CustomUnitsViewController.swift */,
				A2D3BD8320633803005BD508 /* CommentFilterPopoverViewController.swift */,
				A2D3BD81206337E3005BD508 /* NewCommentPopoverViewController.swift */,
				A2D3BD7F206335FC005BD508 /* AddVitaminPopoverViewController.swift */,
				A2D3BD7D206334DD005BD508 /* AddDirectionPopoverViewController.swift */,
				A2D3BD7B20633291005BD508 /* AddRecipeDietaryPageViewController.swift */,
				A2526BCF20632DBF00C89BCE /* AddRecipeFirstPageViewController.swift */,
				A2526BD120632DD000C89BCE /* AddRecipeSecondPageViewController.swift */,
				A2526BD320632DE400C89BCE /* AddRecipeContainsPopoverViewController.swift */,
				A24E8AD32062AA75005C8E2B /* RecipeNutritionViewController.swift */,
				A24E8AD52062AA8C005C8E2B /* RecipeCommentPageViewController.swift */,
				A24E8AD12062A90B005C8E2B /* RecipePageViewController.swift */,
				A11A57332061639100A7EF31 /* ShoppingListViewController.swift */,
				A11A5735206168CD00A7EF31 /* SearchFilterPopoverViewController.swift */,
				A11A57372061711F00A7EF31 /* PantryViewController.swift */,
				A1AA0044206195AD00FCDEC4 /* NewListItemViewController.swift */,
				A1AA004620619BBF00FCDEC4 /* CustomUnitPopoverViewController.swift */,
				A1A075832062899500C65360 /* MealsPageViewController.swift */,
				A1A0758520628E8300C65360 /* RecipeOverviewViewController.swift */,
				A1F1932C2062AD4E00AFB5E9 /* HistoryFavoriteSearchResultsViewController.swift */,
				A11A573120614CC500A7EF31 /* HomePageViewController.swift */,
				70A24779205C3CC700A2AC47 /* Assets.xcassets */,
				70A2477B205C3CC700A2AC47 /* LaunchScreen.storyboard */,
				70A2477E205C3CC700A2AC47 /* Info.plist */,
				7011C392205DAA0E00C965C5 /* LoginViewController.swift */,
				7011C394205DBD4100C965C5 /* UserProfileViewController.swift */,
				7011C396205DCDF500C965C5 /* BlacklistCell.swift */,
				702C9399205F063E005AACE2 /* SettingsViewController.swift */,
				702C939B205F128C005AACE2 /* CreditsViewController.swift */,
				700807402060362400F6B52F /* LegalViewController.swift */,
				70DFB84D2063592B009DE826 /* AddBlacklistViewController.swift */,
			);
			path = PrepMate;
			sourceTree = "<group>";
		};
/* End PBXGroup section */

/* Begin PBXNativeTarget section */
		70A2476E205C3CC700A2AC47 /* PrepMate */ = {
			isa = PBXNativeTarget;
			buildConfigurationList = 70A24781205C3CC700A2AC47 /* Build configuration list for PBXNativeTarget "PrepMate" */;
			buildPhases = (
				70A2476B205C3CC700A2AC47 /* Sources */,
				70A2476C205C3CC700A2AC47 /* Frameworks */,
				70A2476D205C3CC700A2AC47 /* Resources */,
			);
			buildRules = (
			);
			dependencies = (
			);
			name = PrepMate;
			productName = PrepMate;
			productReference = 70A2476F205C3CC700A2AC47 /* PrepMate.app */;
			productType = "com.apple.product-type.application";
		};
/* End PBXNativeTarget section */

/* Begin PBXProject section */
		70A24767205C3CC700A2AC47 /* Project object */ = {
			isa = PBXProject;
			attributes = {
				LastSwiftUpdateCheck = 0920;
				LastUpgradeCheck = 0920;
				ORGANIZATIONNAME = "Joseph Bourque";
				TargetAttributes = {
					70A2476E205C3CC700A2AC47 = {
						CreatedOnToolsVersion = 9.2;
						ProvisioningStyle = Automatic;
					};
				};
			};
			buildConfigurationList = 70A2476A205C3CC700A2AC47 /* Build configuration list for PBXProject "PrepMate" */;
			compatibilityVersion = "Xcode 8.0";
			developmentRegion = en;
			hasScannedForEncodings = 0;
			knownRegions = (
				en,
				Base,
			);
			mainGroup = 70A24766205C3CC700A2AC47;
			productRefGroup = 70A24770205C3CC700A2AC47 /* Products */;
			projectDirPath = "";
			projectRoot = "";
			targets = (
				70A2476E205C3CC700A2AC47 /* PrepMate */,
			);
		};
/* End PBXProject section */

/* Begin PBXResourcesBuildPhase section */
		70A2476D205C3CC700A2AC47 /* Resources */ = {
			isa = PBXResourcesBuildPhase;
			buildActionMask = 2147483647;
			files = (
				70352961206482FA00F88A72 /* frame_15_delay-0.04s.png in Resources */,
				70A670AD206039E00050FDAE /* splash_screen.jpg in Resources */,
				7035294C206482FA00F88A72 /* frame_13_delay-0.04s.png in Resources */,
				7035295E206482FA00F88A72 /* frame_05_delay-0.04s.png in Resources */,
				70352951206482FA00F88A72 /* frame_22_delay-0.04s.png in Resources */,
				7035294F206482FA00F88A72 /* frame_18_delay-0.04s.png in Resources */,
				70352958206482FA00F88A72 /* frame_14_delay-0.04s.png in Resources */,
				70352957206482FA00F88A72 /* frame_19_delay-0.04s.png in Resources */,
				70A2477D205C3CC700A2AC47 /* LaunchScreen.storyboard in Resources */,
				7035294D206482FA00F88A72 /* frame_16_delay-0.04s.png in Resources */,
				70352952206482FA00F88A72 /* frame_01_delay-0.04s.png in Resources */,
				70352954206482FA00F88A72 /* frame_17_delay-0.04s.png in Resources */,
				70A2477A205C3CC700A2AC47 /* Assets.xcassets in Resources */,
				70352955206482FA00F88A72 /* frame_11_delay-0.04s.png in Resources */,
				7035294E206482FA00F88A72 /* frame_00_delay-0.04s.png in Resources */,
				70352960206482FA00F88A72 /* frame_12_delay-0.04s.png in Resources */,
				70A670B0206039E00050FDAE /* icons8-home-24.png in Resources */,
				7035294B206482FA00F88A72 /* frame_03_delay-0.04s.png in Resources */,
				70352950206482FA00F88A72 /* frame_20_delay-0.04s.png in Resources */,
				7035295B206482FA00F88A72 /* frame_02_delay-0.04s.png in Resources */,
				70352959206482FA00F88A72 /* frame_23_delay-0.04s.png in Resources */,
				7035295A206482FA00F88A72 /* frame_04_delay-0.04s.png in Resources */,
				70A670AE206039E00050FDAE /* icons8-menu-filled-50.png in Resources */,
				7035295D206482FA00F88A72 /* frame_08_delay-0.04s.png in Resources */,
				7035295F206482FA00F88A72 /* frame_07_delay-0.04s.png in Resources */,
				70352956206482FA00F88A72 /* frame_21_delay-0.04s.png in Resources */,
				7014A98320699D2A004BC1A2 /* 2000px-Silver_-_replace_this_image_male.svg.png in Resources */,
				70352953206482FA00F88A72 /* frame_10_delay-0.04s.png in Resources */,
				7035294A206482FA00F88A72 /* frame_09_delay-0.04s.png in Resources */,
				70A24778205C3CC700A2AC47 /* Main.storyboard in Resources */,
				7035295C206482FA00F88A72 /* frame_06_delay-0.04s.png in Resources */,
			);
			runOnlyForDeploymentPostprocessing = 0;
		};
/* End PBXResourcesBuildPhase section */

/* Begin PBXSourcesBuildPhase section */
		70A2476B205C3CC700A2AC47 /* Sources */ = {
			isa = PBXSourcesBuildPhase;
			buildActionMask = 2147483647;
			files = (
				700807412060362400F6B52F /* LegalViewController.swift in Sources */,
				A2D3BD82206337E3005BD508 /* NewCommentPopoverViewController.swift in Sources */,
				A2177BE3206B00AA0094E89D /* Ingredient.swift in Sources */,
				A1E3702920695A8A00213631 /* ShoppingListCustomTableViewCell.swift in Sources */,
				A2526BD220632DD000C89BCE /* AddRecipeSecondPageViewController.swift in Sources */,
				A2D3BD7C20633291005BD508 /* AddRecipeDietaryPageViewController.swift in Sources */,
				A24E8AD42062AA75005C8E2B /* RecipeNutritionViewController.swift in Sources */,
				A2177BE5206B00C70094E89D /* Comment.swift in Sources */,
				7011C393205DAA0E00C965C5 /* LoginViewController.swift in Sources */,
				A2526BD020632DBF00C89BCE /* AddRecipeFirstPageViewController.swift in Sources */,
				A11A57342061639100A7EF31 /* ShoppingListViewController.swift in Sources */,
				A11A573220614CC500A7EF31 /* HomePageViewController.swift in Sources */,
				A2177BE1206B009F0094E89D /* Vitamin.swift in Sources */,
				A1A075842062899500C65360 /* MealsPageViewController.swift in Sources */,
				A2D3BD80206335FC005BD508 /* AddVitaminPopoverViewController.swift in Sources */,
				702C939C205F128C005AACE2 /* CreditsViewController.swift in Sources */,
				7011C397205DCDF500C965C5 /* BlacklistCell.swift in Sources */,
				A1A0758620628E8300C65360 /* RecipeOverviewViewController.swift in Sources */,
				A2526BD420632DE400C89BCE /* AddRecipeContainsPopoverViewController.swift in Sources */,
				A11A57382061711F00A7EF31 /* PantryViewController.swift in Sources */,
				A1E3702B20695D5E00213631 /* PantryItemCustomTableViewCell.swift in Sources */,
				A1AA004720619BBF00FCDEC4 /* CustomUnitPopoverViewController.swift in Sources */,
				A2177BE9206B0B750094E89D /* CommentDetailsPageViewController.swift in Sources */,
				7011C395205DBD4100C965C5 /* UserProfileViewController.swift in Sources */,
				A2177BE7206B01F40094E89D /* User.swift in Sources */,
				A24E8AD22062A90B005C8E2B /* RecipePageViewController.swift in Sources */,
				A2177BDF206AFED00094E89D /* Recipe.swift in Sources */,
				A1E370272069523100213631 /* CustomUnitsViewController.swift in Sources */,
				70A24775205C3CC700A2AC47 /* ViewController.swift in Sources */,
				A1AA0045206195AD00FCDEC4 /* NewListItemViewController.swift in Sources */,
				A2D3BD7E206334DD005BD508 /* AddDirectionPopoverViewController.swift in Sources */,
				A1F1932D2062AD4E00AFB5E9 /* HistoryFavoriteSearchResultsViewController.swift in Sources */,
				70A24773205C3CC700A2AC47 /* AppDelegate.swift in Sources */,
				70DFB84E2063592B009DE826 /* AddBlacklistViewController.swift in Sources */,
				702C939A205F063E005AACE2 /* SettingsViewController.swift in Sources */,
				A24E8AD62062AA8C005C8E2B /* RecipeCommentPageViewController.swift in Sources */,
				A2D3BD8420633803005BD508 /* CommentFilterPopoverViewController.swift in Sources */,
				A11A5736206168CD00A7EF31 /* SearchFilterPopoverViewController.swift in Sources */,
			);
			runOnlyForDeploymentPostprocessing = 0;
		};
/* End PBXSourcesBuildPhase section */

/* Begin PBXVariantGroup section */
		70A24776205C3CC700A2AC47 /* Main.storyboard */ = {
			isa = PBXVariantGroup;
			children = (
				70A24777205C3CC700A2AC47 /* Base */,
			);
			name = Main.storyboard;
			sourceTree = "<group>";
		};
		70A2477B205C3CC700A2AC47 /* LaunchScreen.storyboard */ = {
			isa = PBXVariantGroup;
			children = (
				70A2477C205C3CC700A2AC47 /* Base */,
			);
			name = LaunchScreen.storyboard;
			sourceTree = "<group>";
		};
/* End PBXVariantGroup section */

/* Begin XCBuildConfiguration section */
		70A2477F205C3CC700A2AC47 /* Debug */ = {
			isa = XCBuildConfiguration;
			buildSettings = {
				ALWAYS_SEARCH_USER_PATHS = NO;
				CLANG_ANALYZER_NONNULL = YES;
				CLANG_ANALYZER_NUMBER_OBJECT_CONVERSION = YES_AGGRESSIVE;
				CLANG_CXX_LANGUAGE_STANDARD = "gnu++14";
				CLANG_CXX_LIBRARY = "libc++";
				CLANG_ENABLE_MODULES = YES;
				CLANG_ENABLE_OBJC_ARC = YES;
				CLANG_WARN_BLOCK_CAPTURE_AUTORELEASING = YES;
				CLANG_WARN_BOOL_CONVERSION = YES;
				CLANG_WARN_COMMA = YES;
				CLANG_WARN_CONSTANT_CONVERSION = YES;
				CLANG_WARN_DIRECT_OBJC_ISA_USAGE = YES_ERROR;
				CLANG_WARN_DOCUMENTATION_COMMENTS = YES;
				CLANG_WARN_EMPTY_BODY = YES;
				CLANG_WARN_ENUM_CONVERSION = YES;
				CLANG_WARN_INFINITE_RECURSION = YES;
				CLANG_WARN_INT_CONVERSION = YES;
				CLANG_WARN_NON_LITERAL_NULL_CONVERSION = YES;
				CLANG_WARN_OBJC_LITERAL_CONVERSION = YES;
				CLANG_WARN_OBJC_ROOT_CLASS = YES_ERROR;
				CLANG_WARN_RANGE_LOOP_ANALYSIS = YES;
				CLANG_WARN_STRICT_PROTOTYPES = YES;
				CLANG_WARN_SUSPICIOUS_MOVE = YES;
				CLANG_WARN_UNGUARDED_AVAILABILITY = YES_AGGRESSIVE;
				CLANG_WARN_UNREACHABLE_CODE = YES;
				CLANG_WARN__DUPLICATE_METHOD_MATCH = YES;
				CODE_SIGN_IDENTITY = "iPhone Developer";
				COPY_PHASE_STRIP = NO;
				DEBUG_INFORMATION_FORMAT = dwarf;
				ENABLE_STRICT_OBJC_MSGSEND = YES;
				ENABLE_TESTABILITY = YES;
				GCC_C_LANGUAGE_STANDARD = gnu11;
				GCC_DYNAMIC_NO_PIC = NO;
				GCC_NO_COMMON_BLOCKS = YES;
				GCC_OPTIMIZATION_LEVEL = 0;
				GCC_PREPROCESSOR_DEFINITIONS = (
					"DEBUG=1",
					"$(inherited)",
				);
				GCC_WARN_64_TO_32_BIT_CONVERSION = YES;
				GCC_WARN_ABOUT_RETURN_TYPE = YES_ERROR;
				GCC_WARN_UNDECLARED_SELECTOR = YES;
				GCC_WARN_UNINITIALIZED_AUTOS = YES_AGGRESSIVE;
				GCC_WARN_UNUSED_FUNCTION = YES;
				GCC_WARN_UNUSED_VARIABLE = YES;
				IPHONEOS_DEPLOYMENT_TARGET = 11.2;
				MTL_ENABLE_DEBUG_INFO = YES;
				ONLY_ACTIVE_ARCH = YES;
				SDKROOT = iphoneos;
				SWIFT_ACTIVE_COMPILATION_CONDITIONS = DEBUG;
				SWIFT_OPTIMIZATION_LEVEL = "-Onone";
			};
			name = Debug;
		};
		70A24780205C3CC700A2AC47 /* Release */ = {
			isa = XCBuildConfiguration;
			buildSettings = {
				ALWAYS_SEARCH_USER_PATHS = NO;
				CLANG_ANALYZER_NONNULL = YES;
				CLANG_ANALYZER_NUMBER_OBJECT_CONVERSION = YES_AGGRESSIVE;
				CLANG_CXX_LANGUAGE_STANDARD = "gnu++14";
				CLANG_CXX_LIBRARY = "libc++";
				CLANG_ENABLE_MODULES = YES;
				CLANG_ENABLE_OBJC_ARC = YES;
				CLANG_WARN_BLOCK_CAPTURE_AUTORELEASING = YES;
				CLANG_WARN_BOOL_CONVERSION = YES;
				CLANG_WARN_COMMA = YES;
				CLANG_WARN_CONSTANT_CONVERSION = YES;
				CLANG_WARN_DIRECT_OBJC_ISA_USAGE = YES_ERROR;
				CLANG_WARN_DOCUMENTATION_COMMENTS = YES;
				CLANG_WARN_EMPTY_BODY = YES;
				CLANG_WARN_ENUM_CONVERSION = YES;
				CLANG_WARN_INFINITE_RECURSION = YES;
				CLANG_WARN_INT_CONVERSION = YES;
				CLANG_WARN_NON_LITERAL_NULL_CONVERSION = YES;
				CLANG_WARN_OBJC_LITERAL_CONVERSION = YES;
				CLANG_WARN_OBJC_ROOT_CLASS = YES_ERROR;
				CLANG_WARN_RANGE_LOOP_ANALYSIS = YES;
				CLANG_WARN_STRICT_PROTOTYPES = YES;
				CLANG_WARN_SUSPICIOUS_MOVE = YES;
				CLANG_WARN_UNGUARDED_AVAILABILITY = YES_AGGRESSIVE;
				CLANG_WARN_UNREACHABLE_CODE = YES;
				CLANG_WARN__DUPLICATE_METHOD_MATCH = YES;
				CODE_SIGN_IDENTITY = "iPhone Developer";
				COPY_PHASE_STRIP = NO;
				DEBUG_INFORMATION_FORMAT = "dwarf-with-dsym";
				ENABLE_NS_ASSERTIONS = NO;
				ENABLE_STRICT_OBJC_MSGSEND = YES;
				GCC_C_LANGUAGE_STANDARD = gnu11;
				GCC_NO_COMMON_BLOCKS = YES;
				GCC_WARN_64_TO_32_BIT_CONVERSION = YES;
				GCC_WARN_ABOUT_RETURN_TYPE = YES_ERROR;
				GCC_WARN_UNDECLARED_SELECTOR = YES;
				GCC_WARN_UNINITIALIZED_AUTOS = YES_AGGRESSIVE;
				GCC_WARN_UNUSED_FUNCTION = YES;
				GCC_WARN_UNUSED_VARIABLE = YES;
				IPHONEOS_DEPLOYMENT_TARGET = 11.2;
				MTL_ENABLE_DEBUG_INFO = NO;
				SDKROOT = iphoneos;
				SWIFT_OPTIMIZATION_LEVEL = "-Owholemodule";
				VALIDATE_PRODUCT = YES;
			};
			name = Release;
		};
		70A24782205C3CC700A2AC47 /* Debug */ = {
			isa = XCBuildConfiguration;
			buildSettings = {
				ASSETCATALOG_COMPILER_APPICON_NAME = AppIcon;
				CODE_SIGN_STYLE = Automatic;
				INFOPLIST_FILE = PrepMate/Info.plist;
				LD_RUNPATH_SEARCH_PATHS = "$(inherited) @executable_path/Frameworks";
				PRODUCT_BUNDLE_IDENTIFIER = "Team-2.PrepMate";
				PRODUCT_NAME = "$(TARGET_NAME)";
				SWIFT_VERSION = 4.0;
				TARGETED_DEVICE_FAMILY = "1,2";
			};
			name = Debug;
		};
		70A24783205C3CC700A2AC47 /* Release */ = {
			isa = XCBuildConfiguration;
			buildSettings = {
				ASSETCATALOG_COMPILER_APPICON_NAME = AppIcon;
				CODE_SIGN_STYLE = Automatic;
				INFOPLIST_FILE = PrepMate/Info.plist;
				LD_RUNPATH_SEARCH_PATHS = "$(inherited) @executable_path/Frameworks";
				PRODUCT_BUNDLE_IDENTIFIER = "Team-2.PrepMate";
				PRODUCT_NAME = "$(TARGET_NAME)";
				SWIFT_VERSION = 4.0;
				TARGETED_DEVICE_FAMILY = "1,2";
			};
			name = Release;
		};
/* End XCBuildConfiguration section */

/* Begin XCConfigurationList section */
		70A2476A205C3CC700A2AC47 /* Build configuration list for PBXProject "PrepMate" */ = {
			isa = XCConfigurationList;
			buildConfigurations = (
				70A2477F205C3CC700A2AC47 /* Debug */,
				70A24780205C3CC700A2AC47 /* Release */,
			);
			defaultConfigurationIsVisible = 0;
			defaultConfigurationName = Release;
		};
		70A24781205C3CC700A2AC47 /* Build configuration list for PBXNativeTarget "PrepMate" */ = {
			isa = XCConfigurationList;
			buildConfigurations = (
				70A24782205C3CC700A2AC47 /* Debug */,
				70A24783205C3CC700A2AC47 /* Release */,
			);
			defaultConfigurationIsVisible = 0;
			defaultConfigurationName = Release;
		};
/* End XCConfigurationList section */
	};
	rootObject = 70A24767205C3CC700A2AC47 /* Project object */;
}
